
Microsoft Visual Studio Solution File, Format Version 12.00
# Visual Studio Version 17
VisualStudioVersion = 17.7.34031.279
MinimumVisualStudioVersion = 10.0.40219.1
Project("{888888A0-9F3D-457C-B088-3A5042F75D52}") = "AoC2023", "AoC2023.pyproj", "{B93CABD6-0524-476F-A46F-DD3761420D64}"
EndProject
Global
	GlobalSection(SolutionConfigurationPlatforms) = preSolution
		Debug|Any CPU = Debug|Any CPU
		Release|Any CPU = Release|Any CPU
	EndGlobalSection
	GlobalSection(ProjectConfigurationPlatforms) = postSolution
		{B93CABD6-0524-476F-A46F-DD3761420D64}.Debug|Any CPU.ActiveCfg = Debug|Any CPU
		{B93CABD6-0524-476F-A46F-DD3761420D64}.Release|Any CPU.ActiveCfg = Release|Any CPU
	EndGlobalSection
	GlobalSection(SolutionProperties) = preSolution
		HideSolutionNode = FALSE
	EndGlobalSection
	GlobalSection(ExtensibilityGlobals) = postSolution
		SolutionGuid = {EE6B02C4-3F9E-4FD4-B09C-A3667FE46BD8}
	EndGlobalSection
EndGlobal
